
Microsoft Visual Studio Solution File, Format Version 12.00
# Visual Studio Version 16
VisualStudioVersion = 16.0.30717.126
MinimumVisualStudioVersion = 10.0.40219.1
Project("{FAE04EC0-301F-11D3-BF4B-00C04F79EFBC}") = "MyBlogApp.WebUI", "MyBlogApp.WebUI\MyBlogApp.WebUI.csproj", "{FA022134-B88F-49A7-9ECF-3FFDC5984DDE}"
EndProject
Project("{FAE04EC0-301F-11D3-BF4B-00C04F79EFBC}") = "MyBlogApp.Entity", "MyBlogApp.Entity\MyBlogApp.Entity.csproj", "{C530D3A2-6946-4CF7-A744-856E90939438}"
EndProject
Project("{FAE04EC0-301F-11D3-BF4B-00C04F79EFBC}") = "MyBlogApp.Data", "MyBlogApp.Data\MyBlogApp.Data.csproj", "{FCEA95DF-4AF6-4FA9-A613-EBE5286095F6}"
EndProject
Global
	GlobalSection(SolutionConfigurationPlatforms) = preSolution
		Debug|Any CPU = Debug|Any CPU
		Release|Any CPU = Release|Any CPU
	EndGlobalSection
	GlobalSection(ProjectConfigurationPlatforms) = postSolution
		{FA022134-B88F-49A7-9ECF-3FFDC5984DDE}.Debug|Any CPU.ActiveCfg = Debug|Any CPU
		{FA022134-B88F-49A7-9ECF-3FFDC5984DDE}.Debug|Any CPU.Build.0 = Debug|Any CPU
		{FA022134-B88F-49A7-9ECF-3FFDC5984DDE}.Release|Any CPU.ActiveCfg = Release|Any CPU
		{FA022134-B88F-49A7-9ECF-3FFDC5984DDE}.Release|Any CPU.Build.0 = Release|Any CPU
		{C530D3A2-6946-4CF7-A744-856E90939438}.Debug|Any CPU.ActiveCfg = Debug|Any CPU
		{C530D3A2-6946-4CF7-A744-856E90939438}.Debug|Any CPU.Build.0 = Debug|Any CPU
		{C530D3A2-6946-4CF7-A744-856E90939438}.Release|Any CPU.ActiveCfg = Release|Any CPU
		{C530D3A2-6946-4CF7-A744-856E90939438}.Release|Any CPU.Build.0 = Release|Any CPU
		{FCEA95DF-4AF6-4FA9-A613-EBE5286095F6}.Debug|Any CPU.ActiveCfg = Debug|Any CPU
		{FCEA95DF-4AF6-4FA9-A613-EBE5286095F6}.Debug|Any CPU.Build.0 = Debug|Any CPU
		{FCEA95DF-4AF6-4FA9-A613-EBE5286095F6}.Release|Any CPU.ActiveCfg = Release|Any CPU
		{FCEA95DF-4AF6-4FA9-A613-EBE5286095F6}.Release|Any CPU.Build.0 = Release|Any CPU
	EndGlobalSection
	GlobalSection(SolutionProperties) = preSolution
		HideSolutionNode = FALSE
	EndGlobalSection
	GlobalSection(ExtensibilityGlobals) = postSolution
		SolutionGuid = {319B890A-B93C-40CB-BCB0-16F35234ABCA}
	EndGlobalSection
EndGlobal
